
Microsoft Visual Studio Solution File, Format Version 12.00
# Visual Studio Version 16
VisualStudioVersion = 16.0.30611.23
MinimumVisualStudioVersion = 10.0.40219.1
Project("{8BC9CEB8-8B4A-11D0-8D11-00A0C91BC942}") = "Musée fini", "Musée fini\Musée fini.vcxproj", "{1543FB43-92B8-497E-9985-2F4AB43AD9E3}"
EndProject
Global
	GlobalSection(SolutionConfigurationPlatforms) = preSolution
		Debug|x64 = Debug|x64
		Debug|x86 = Debug|x86
		Release|x64 = Release|x64
		Release|x86 = Release|x86
	EndGlobalSection
	GlobalSection(ProjectConfigurationPlatforms) = postSolution
		{1543FB43-92B8-497E-9985-2F4AB43AD9E3}.Debug|x64.ActiveCfg = Debug|x64
		{1543FB43-92B8-497E-9985-2F4AB43AD9E3}.Debug|x64.Build.0 = Debug|x64
		{1543FB43-92B8-497E-9985-2F4AB43AD9E3}.Debug|x86.ActiveCfg = Debug|Win32
		{1543FB43-92B8-497E-9985-2F4AB43AD9E3}.Debug|x86.Build.0 = Debug|Win32
		{1543FB43-92B8-497E-9985-2F4AB43AD9E3}.Release|x64.ActiveCfg = Release|x64
		{1543FB43-92B8-497E-9985-2F4AB43AD9E3}.Release|x64.Build.0 = Release|x64
		{1543FB43-92B8-497E-9985-2F4AB43AD9E3}.Release|x86.ActiveCfg = Release|Win32
		{1543FB43-92B8-497E-9985-2F4AB43AD9E3}.Release|x86.Build.0 = Release|Win32
	EndGlobalSection
	GlobalSection(SolutionProperties) = preSolution
		HideSolutionNode = FALSE
	EndGlobalSection
	GlobalSection(ExtensibilityGlobals) = postSolution
		SolutionGuid = {C5242B13-8E9F-424B-A5CB-9ED8887C39A8}
	EndGlobalSection
EndGlobal
